
Microsoft Visual Studio Solution File, Format Version 11.00
# Visual Studio 2010
Project("{FAE04EC0-301F-11D3-BF4B-00C04F79EFBC}") = "mmdropper", "eulascr-StrDec.csproj", "{FA7209D4-3C07-4FD1-A0EC-D9503C6BC176}"
EndProject
Global
	GlobalSection(SolutionConfigurationPlatforms) = preSolution
		Debug|Any CPU = Debug|Any CPU
		Release|Any CPU = Release|Any CPU
	EndGlobalSection
	GlobalSection(ProjectConfigurationPlatforms) = postSolution
		{FA7209D4-3C07-4FD1-A0EC-D9503C6BC176}.Debug|Any CPU.ActiveCfg = Debug|Any CPU
		{FA7209D4-3C07-4FD1-A0EC-D9503C6BC176}.Debug|Any CPU.Build.0 = Debug|Any CPU
		{FA7209D4-3C07-4FD1-A0EC-D9503C6BC176}.Release|Any CPU.ActiveCfg = Release|Any CPU
		{FA7209D4-3C07-4FD1-A0EC-D9503C6BC176}.Release|Any CPU.Build.0 = Release|Any CPU
	EndGlobalSection
	GlobalSection(SolutionProperties) = preSolution
		HideSolutionNode = FALSE
	EndGlobalSection
EndGlobal
